# This file is autogenerated, do not edit; changes may be undone by the next 'dep ensure'.


[[projects]]
  name = "github.com/boombuler/barcode"
  packages = [
    ".",
    "qr",
    "utils"
  ]
  revision = "3cfea5ab600ae37946be2b763b8ec2c1cf2d272d"
  version = "v1.0.0"

[[projects]]
  name = "github.com/pquerna/otp"
  packages = [
    ".",
    "hotp",
    "totp"
  ]
  revision = "b7b89250c468c06871d3837bee02e2d5c155ae19"
  version = "v1.0.0"

[solve-meta]
  analyzer-name = "dep"
  analyzer-version = 1
  inputs-digest = "4dc2d7559cfcba7fefc196d1297c4d654db78bc589e899f64bca96f55796acd8"
  solver-name = "gps-cdcl"
  solver-version = 1
